
Microsoft Visual Studio Solution File, Format Version 12.00
# Visual Studio Version 16
VisualStudioVersion = 16.0.810.2
MinimumVisualStudioVersion = 10.0.40219.1
Project("{FAE04EC0-301F-11D3-BF4B-00C04F79EFBC}") = "cSharp.learning", "cSharp.learning\cSharp.learning.csproj", "{84A74FD5-3487-4851-963D-B47260E2770C}"
EndProject
Global
	GlobalSection(SolutionConfigurationPlatforms) = preSolution
		Debug|Any CPU = Debug|Any CPU
		Release|Any CPU = Release|Any CPU
	EndGlobalSection
	GlobalSection(ProjectConfigurationPlatforms) = postSolution
		{84A74FD5-3487-4851-963D-B47260E2770C}.Debug|Any CPU.ActiveCfg = Debug|Any CPU
		{84A74FD5-3487-4851-963D-B47260E2770C}.Debug|Any CPU.Build.0 = Debug|Any CPU
		{84A74FD5-3487-4851-963D-B47260E2770C}.Release|Any CPU.ActiveCfg = Release|Any CPU
		{84A74FD5-3487-4851-963D-B47260E2770C}.Release|Any CPU.Build.0 = Release|Any CPU
	EndGlobalSection
	GlobalSection(SolutionProperties) = preSolution
		HideSolutionNode = FALSE
	EndGlobalSection
	GlobalSection(ExtensibilityGlobals) = postSolution
		SolutionGuid = {32BFE2BC-B3FB-4B8A-A566-8760E645320F}
	EndGlobalSection
EndGlobal
